
Microsoft Visual Studio Solution File, Format Version 12.00
# Visual Studio Version 17
VisualStudioVersion = 17.10.35004.147
MinimumVisualStudioVersion = 10.0.40219.1
Project("{FAE04EC0-301F-11D3-BF4B-00C04F79EFBC}") = "06-13", "06-13\06-13.csproj", "{46ACBAD6-86BB-4904-A61F-CB9512C137A2}"
EndProject
Project("{FAE04EC0-301F-11D3-BF4B-00C04F79EFBC}") = "Helloworld", "44554\Helloworld.csproj", "{3E37A72C-3CE8-4175-9973-26CA3AE01272}"
EndProject
Global
	GlobalSection(SolutionConfigurationPlatforms) = preSolution
		Debug|Any CPU = Debug|Any CPU
		Release|Any CPU = Release|Any CPU
	EndGlobalSection
	GlobalSection(ProjectConfigurationPlatforms) = postSolution
		{46ACBAD6-86BB-4904-A61F-CB9512C137A2}.Debug|Any CPU.ActiveCfg = Debug|Any CPU
		{46ACBAD6-86BB-4904-A61F-CB9512C137A2}.Debug|Any CPU.Build.0 = Debug|Any CPU
		{46ACBAD6-86BB-4904-A61F-CB9512C137A2}.Release|Any CPU.ActiveCfg = Release|Any CPU
		{46ACBAD6-86BB-4904-A61F-CB9512C137A2}.Release|Any CPU.Build.0 = Release|Any CPU
		{3E37A72C-3CE8-4175-9973-26CA3AE01272}.Debug|Any CPU.ActiveCfg = Debug|Any CPU
		{3E37A72C-3CE8-4175-9973-26CA3AE01272}.Debug|Any CPU.Build.0 = Debug|Any CPU
		{3E37A72C-3CE8-4175-9973-26CA3AE01272}.Release|Any CPU.ActiveCfg = Release|Any CPU
		{3E37A72C-3CE8-4175-9973-26CA3AE01272}.Release|Any CPU.Build.0 = Release|Any CPU
	EndGlobalSection
	GlobalSection(SolutionProperties) = preSolution
		HideSolutionNode = FALSE
	EndGlobalSection
	GlobalSection(ExtensibilityGlobals) = postSolution
		SolutionGuid = {E5E5048B-F466-4AE9-9A83-A051FC7B5896}
	EndGlobalSection
EndGlobal
